{
  "name": "echohr",
  "version": "0.1.0",
  "lockfileVersion": 3,
  "requires": true,
  "packages": {
    "": {
      "name": "echohr",
      "version": "0.1.0",
      "license": "UNLICENSED",
      "dependencies": {
        "pg": "^8.11.3"
      }
    },
    "node_modules/buffer-writer": {
      "version": "2.0.0",
      "resolved": "https://registry.npmjs.org/buffer-writer/-/buffer-writer-2.0.0.tgz",
      "integrity": "sha512-a7tS6bue8nUd0fQK1i5cP5YfFDUCPEK6cyLhpveIlcHfiUTcuRglr7dFHOxTafGZb3lqO7HZIxzdJKr1QbmPOQ=="
    },
    "node_modules/packet-reader": {
      "version": "1.0.0",
      "resolved": "https://registry.npmjs.org/packet-reader/-/packet-reader-1.0.0.tgz",
      "integrity": "sha512-ru1HW+Ji29iIXF8m2fD7HMjrxkLmGUxV/ACEMUs2iAy3jcNp+HYGbZN5Rz1Kx6DgD8qp8blp6cUU9CQHnDW0wQ=="
    },
    "node_modules/pg": {
      "version": "8.11.3",
      "resolved": "https://registry.npmjs.org/pg/-/pg-8.11.3.tgz",
      "integrity": "sha512-crE+xu+KgP37khrxCm2YJPZ+8O7zPp6K16WEUvybIaiU5W2kVWv7U7jrOBLTNCX2P8iEEURw7XTmub1QkCWsWw==",
      "dependencies": {
        "buffer-writer": "2.0.0",
        "packet-reader": "1.0.0",
        "pg-connection-string": "2.6.4",
        "pg-pool": "3.6.1",
        "pg-protocol": "1.6.0",
        "pg-types": "2.2.0",
        "pgpass": "1.0.5"
      }
    },
    "node_modules/pg-connection-string": {
      "version": "2.6.4",
      "resolved": "https://registry.npmjs.org/pg-connection-string/-/pg-connection-string-2.6.4.tgz",
      "integrity": "sha512-v+0G2+vV7iwq/tf3k5J8JwReogwLrA/dPmjfB23A94ikWSil90Q4EUbqVLH5/uHOQOFfVob0A3C2B6Pk4CSjRw=="
    },
    "node_modules/pg-int8": {
      "version": "1.0.1",
      "resolved": "https://registry.npmjs.org/pg-int8/-/pg-int8-1.0.1.tgz",
      "integrity": "sha512-WCtabS6t3cP9ka5U6hJtOmr6cIYItIatfAAMebAMwNeQKuc9qQS5q2uIQfY2jFcQp4QHCr0q8+KstY0MtbbX7Q=="
    },
    "node_modules/pg-pool": {
      "version": "3.6.1",
      "resolved": "https://registry.npmjs.org/pg-pool/-/pg-pool-3.6.1.tgz",
      "integrity": "sha512-jizsIzhkIitxCGfX4tZ5y1cjb3bf6pmJowjxubE914k7jbsmGeypAhb9RmuHzFeLrFvjnprLWvxD9e14mVJqhw==",
      "peerDependencies": {
        "pg": ">=8.0"
      }
    },
    "node_modules/pg-protocol": {
      "version": "1.6.0",
      "resolved": "https://registry.npmjs.org/pg-protocol/-/pg-protocol-1.6.0.tgz",
      "integrity": "sha512-M+PDm637OY5WM307051+bsDia5Xej6d9IR4GwJse1qA1DI3SVOxZ0RrwXVq2R0d3GbllrI7nAK4nR2mT39W0zA=="
    },
    "node_modules/pg-types": {
      "version": "2.2.0",
      "resolved": "https://registry.npmjs.org/pg-types/-/pg-types-2.2.0.tgz",
      "integrity": "sha512-qTAAlrEsl8s9fdrcG5lfKpfcK1ttrB14qv3/Gdm3t4P4pe0DEYFU5YhS3gZT+PTAjPGyQL6RD0nFpqclWqQEvA==",
      "dependencies": {
        "pg-int8": "1.0.1",
        "postgres-array": "~2.0.0",
        "postgres-bytea": "~1.0.0",
        "postgres-date": "~1.0.4",
        "postgres-interval": "^1.1.0"
      }
    },
    "node_modules/pgpass": {
      "version": "1.0.5",
      "resolved": "https://registry.npmjs.org/pgpass/-/pgpass-1.0.5.tgz",
      "integrity": "sha512-FdITgCncGafKz0nKOag8cknywKoT4/eOUeXTVH6yNgjtDqEFtA3SwHBKOxxtY9H/6xMNi2CoXQiS6GfKgaqIsQ==",
      "dependencies": {
        "split2": "^4.1.0"
      }
    },
    "node_modules/postgres-array": {
      "version": "2.0.0",
      "resolved": "https://registry.npmjs.org/postgres-array/-/postgres-array-2.0.0.tgz",
      "integrity": "sha512-VpZrUqU5A72eJZ8h6rJT3ze4h3cQ9HOwyYntoPwXrG6FPCR2lRGC7413G10ifz3NdQ7mt2ZyaqoC3VodsTjk2w=="
    },
    "node_modules/postgres-bytea": {
      "version": "1.0.0",
      "resolved": "https://registry.npmjs.org/postgres-bytea/-/postgres-bytea-1.0.0.tgz",
      "integrity": "sha512-O3Pn+dxOIGNXicNWUOh0OCmWZ6ujwDItM3xZ7RnWvXfeg12oDjO94hK6MGMVQlaLSgmvO1qHRIpM4OvbkQWQhg=="
    },
    "node_modules/postgres-date": {
      "version": "1.0.7",
      "resolved": "https://registry.npmjs.org/postgres-date/-/postgres-date-1.0.7.tgz",
      "integrity": "sha512-suEN3rSnMwIEdMWO1cBjkaZJdQGmD1onAmM8cUg3ZkFIoQl+g3i6QYbhm3fDQEKw8sYPM4/+0OFQQ5LmdMvl7A=="
    },
    "node_modules/postgres-interval": {
      "version": "1.2.0",
      "resolved": "https://registry.npmjs.org/postgres-interval/-/postgres-interval-1.2.0.tgz",
      "integrity": "sha512-9ZhXKM/rw350N1c7zz0CwzGyyNZRg+wj7cS4Z6pRpB3Sje5rHZ+xvKdMfd5jPQ0LUuD/z07QGRzRKm16q+HXZg==",
      "dependencies": {
        "xtend": "^4.0.0"
      }
    },
    "node_modules/split2": {
      "version": "4.2.0",
      "resolved": "https://registry.npmjs.org/split2/-/split2-4.2.0.tgz",
      "integrity": "sha512-UcjcJOWtyW++lq/5Z2XXmGg3ITMC2C7gqjzQAY6RM5TtI5jBq5qV2vWgCWkIh9KGfYx4aZuZ2DNRRs2mC4v7TQ=="
    },
    "node_modules/xtend": {
      "version": "4.0.2",
      "resolved": "https://registry.npmjs.org/xtend/-/xtend-4.0.2.tgz",
      "integrity": "sha512-LKYU1iAXJX6U+O2DX5kfzBku7ZSP1cWmGaQxN5tQKY3zk4lACwBzH/j3e1s9KT4ErfHuaD22Ua25V7k5SCqcYw=="
    }
  }
}
